
Microsoft Visual Studio Solution File, Format Version 12.00
# Visual Studio Version 16
VisualStudioVersion = 16.0.31025.194
MinimumVisualStudioVersion = 10.0.40219.1
Project("{9092AA53-FB77-4645-B42D-1CCCA6BD08BD}") = "SPP L1", "SPP L1.njsproj", "{E373B865-DE2E-4695-B1F2-4F9086861917}"
EndProject
Global
	GlobalSection(SolutionConfigurationPlatforms) = preSolution
		Debug|Any CPU = Debug|Any CPU
		Release|Any CPU = Release|Any CPU
	EndGlobalSection
	GlobalSection(ProjectConfigurationPlatforms) = postSolution
		{E373B865-DE2E-4695-B1F2-4F9086861917}.Debug|Any CPU.ActiveCfg = Debug|Any CPU
		{E373B865-DE2E-4695-B1F2-4F9086861917}.Debug|Any CPU.Build.0 = Debug|Any CPU
		{E373B865-DE2E-4695-B1F2-4F9086861917}.Release|Any CPU.ActiveCfg = Release|Any CPU
		{E373B865-DE2E-4695-B1F2-4F9086861917}.Release|Any CPU.Build.0 = Release|Any CPU
	EndGlobalSection
	GlobalSection(SolutionProperties) = preSolution
		HideSolutionNode = FALSE
	EndGlobalSection
	GlobalSection(ExtensibilityGlobals) = postSolution
		SolutionGuid = {35115890-C907-48BC-8252-25378E7FEDE2}
	EndGlobalSection
EndGlobal
